
Microsoft Visual Studio Solution File, Format Version 12.00
# Visual Studio 15
VisualStudioVersion = 15.0.27428.2027
MinimumVisualStudioVersion = 10.0.40219.1
Project("{DA7A21FA-8162-4350-AD77-A8D1B671F3ED}") = "RFSTWam", "RFSTWam\RFSTWam.rxproj", "{067D7A45-CA17-44B7-A88B-CD3DFAE72D85}"
EndProject
Global
	GlobalSection(SolutionConfigurationPlatforms) = preSolution
		Debug|Any CPU = Debug|Any CPU
		Release|Any CPU = Release|Any CPU
	EndGlobalSection
	GlobalSection(ProjectConfigurationPlatforms) = postSolution
		{067D7A45-CA17-44B7-A88B-CD3DFAE72D85}.Debug|Any CPU.ActiveCfg = Debug|Any CPU
		{067D7A45-CA17-44B7-A88B-CD3DFAE72D85}.Debug|Any CPU.Build.0 = Debug|Any CPU
		{067D7A45-CA17-44B7-A88B-CD3DFAE72D85}.Release|Any CPU.ActiveCfg = Release|Any CPU
		{067D7A45-CA17-44B7-A88B-CD3DFAE72D85}.Release|Any CPU.Build.0 = Release|Any CPU
	EndGlobalSection
	GlobalSection(SolutionProperties) = preSolution
		HideSolutionNode = FALSE
	EndGlobalSection
	GlobalSection(ExtensibilityGlobals) = postSolution
		SolutionGuid = {0BC832EA-08BB-429C-9844-653A0397F077}
	EndGlobalSection
EndGlobal
